{
  "name": "demo-app",
  "lockfileVersion": 3,
  "requires": true,
  "packages": {
    "": {
      "name": "demo-app",
      "dependencies": {
        "@hono/node-server": "^1.13.8",
        "@hono/swagger-ui": "^0.5.0",
        "@hono/zod-validator": "^0.4.2",
        "hono": "^4.7.1",
        "hono-openapi": "^0.4.4",
        "zod": "^3.24.2",
        "zod-openapi": "^4.2.3"
      },
      "devDependencies": {
        "@types/node": "^20.11.17",
        "tsx": "^4.7.1"
      }
    },
    "node_modules/@apidevtools/json-schema-ref-parser": {
      "version": "11.9.1",
      "resolved": "https://registry.npmjs.org/@apidevtools/json-schema-ref-parser/-/json-schema-ref-parser-11.9.1.tgz",
      "integrity": "sha512-OvyhwtYaWSTfo8NfibmFlgl+pIMaBOmN0OwZ3CPaGscEK3B8FCVDuQ7zgxY8seU/1kfSvNWnyB0DtKJyNLxX7g==",
      "dependencies": {
        "@jsdevtools/ono": "^7.1.3",
        "@types/json-schema": "^7.0.15",
        "js-yaml": "^4.1.0"
      },
      "engines": {
        "node": ">= 16"
      },
      "funding": {
        "url": "https://github.com/sponsors/philsturgeon"
      }
    },
    "node_modules/@esbuild/linux-x64": {
      "version": "0.23.1",
      "resolved": "https://registry.npmjs.org/@esbuild/linux-x64/-/linux-x64-0.23.1.tgz",
      "integrity": "sha512-EV6+ovTsEXCPAp58g2dD68LxoP/wK5pRvgy0J/HxPGB009omFPv3Yet0HiaqvrIrgPTBuC6wCH1LTOY91EO5hQ==",
      "cpu": [
        "x64"
      ],
      "dev": true,
      "optional": true,
      "os": [
        "linux"
      ],
      "engines": {
        "node": ">=18"
      }
    },
    "node_modules/@hono/node-server": {
      "version": "1.13.8",
      "resolved": "https://registry.npmjs.org/@hono/node-server/-/node-server-1.13.8.tgz",
      "integrity": "sha512-fsn8ucecsAXUoVxrUil0m13kOEq4mkX4/4QozCqmY+HpGfKl74OYSn8JcMA8GnG0ClfdRI4/ZSeG7zhFaVg+wg==",
      "engines": {
        "node": ">=18.14.1"
      },
      "peerDependencies": {
        "hono": "^4"
      }
    },
    "node_modules/@hono/swagger-ui": {
      "version": "0.5.0",
      "resolved": "https://registry.npmjs.org/@hono/swagger-ui/-/swagger-ui-0.5.0.tgz",
      "integrity": "sha512-MWYYSv9kC8IwFBLZdwgZZMT9zUq2C/4/ekuyEYOkHEgUMqu+FG3eebtBZ4ofMh60xYRxRR2BgQGoNIILys/PFg==",
      "peerDependencies": {
        "hono": "*"
      }
    },
    "node_modules/@hono/zod-validator": {
      "version": "0.4.2",
      "resolved": "https://registry.npmjs.org/@hono/zod-validator/-/zod-validator-0.4.2.tgz",
      "integrity": "sha512-1rrlBg+EpDPhzOV4hT9pxr5+xDVmKuz6YJl+la7VCwK6ass5ldyKm5fD+umJdV2zhHD6jROoCCv8NbTwyfhT0g==",
      "peerDependencies": {
        "hono": ">=3.9.0",
        "zod": "^3.19.1"
      }
    },
    "node_modules/@jsdevtools/ono": {
      "version": "7.1.3",
      "resolved": "https://registry.npmjs.org/@jsdevtools/ono/-/ono-7.1.3.tgz",
      "integrity": "sha512-4JQNk+3mVzK3xh2rqd6RB4J46qUR19azEHBneZyTZM+c456qOrbbM/5xcR8huNCCcbVt7+UmizG6GuUvPvKUYg=="
    },
    "node_modules/@types/json-schema": {
      "version": "7.0.15",
      "resolved": "https://registry.npmjs.org/@types/json-schema/-/json-schema-7.0.15.tgz",
      "integrity": "sha512-5+fP8P8MFNC+AyZCDxrB2pkZFPGzqQWUzpSeuuVLvm8VMcorNYavBqoFcxK8bQz4Qsbn4oUEEem4wDLfcysGHA=="
    },
    "node_modules/@types/node": {
      "version": "20.17.18",
      "resolved": "https://registry.npmjs.org/@types/node/-/node-20.17.18.tgz",
      "integrity": "sha512-9kS0opXVV3dJ+C7HPhXfDlOdMu4cjJSZhlSxlDK39IxVRxBbuiYjCkLYSO9d5UYqTd4DApxRK9T1xJiTAkfA0w==",
      "dev": true,
      "dependencies": {
        "undici-types": "~6.19.2"
      }
    },
    "node_modules/argparse": {
      "version": "2.0.1",
      "resolved": "https://registry.npmjs.org/argparse/-/argparse-2.0.1.tgz",
      "integrity": "sha512-8+9WqebbFzpX9OR+Wa6O29asIogeRMzcGtAINdpMHHyAg10f05aSFVBbcEqGf/PXw1EjAZ+q2/bEBg3DvurK3Q=="
    },
    "node_modules/clone": {
      "version": "2.1.2",
      "resolved": "https://registry.npmjs.org/clone/-/clone-2.1.2.tgz",
      "integrity": "sha512-3Pe/CF1Nn94hyhIYpjtiLhdCoEoz0DqQ+988E9gmeEdQZlojxnOb74wctFyuwWQHzqyf9X7C7MG8juUpqBJT8w==",
      "engines": {
        "node": ">=0.8"
      }
    },
    "node_modules/esbuild": {
      "version": "0.23.1",
      "resolved": "https://registry.npmjs.org/esbuild/-/esbuild-0.23.1.tgz",
      "integrity": "sha512-VVNz/9Sa0bs5SELtn3f7qhJCDPCF5oMEl5cO9/SSinpE9hbPVvxbd572HH5AKiP7WD8INO53GgfDDhRjkylHEg==",
      "dev": true,
      "hasInstallScript": true,
      "bin": {
        "esbuild": "bin/esbuild"
      },
      "engines": {
        "node": ">=18"
      },
      "optionalDependencies": {
        "@esbuild/aix-ppc64": "0.23.1",
        "@esbuild/android-arm": "0.23.1",
        "@esbuild/android-arm64": "0.23.1",
        "@esbuild/android-x64": "0.23.1",
        "@esbuild/darwin-arm64": "0.23.1",
        "@esbuild/darwin-x64": "0.23.1",
        "@esbuild/freebsd-arm64": "0.23.1",
        "@esbuild/freebsd-x64": "0.23.1",
        "@esbuild/linux-arm": "0.23.1",
        "@esbuild/linux-arm64": "0.23.1",
        "@esbuild/linux-ia32": "0.23.1",
        "@esbuild/linux-loong64": "0.23.1",
        "@esbuild/linux-mips64el": "0.23.1",
        "@esbuild/linux-ppc64": "0.23.1",
        "@esbuild/linux-riscv64": "0.23.1",
        "@esbuild/linux-s390x": "0.23.1",
        "@esbuild/linux-x64": "0.23.1",
        "@esbuild/netbsd-x64": "0.23.1",
        "@esbuild/openbsd-arm64": "0.23.1",
        "@esbuild/openbsd-x64": "0.23.1",
        "@esbuild/sunos-x64": "0.23.1",
        "@esbuild/win32-arm64": "0.23.1",
        "@esbuild/win32-ia32": "0.23.1",
        "@esbuild/win32-x64": "0.23.1"
      }
    },
    "node_modules/get-tsconfig": {
      "version": "4.10.0",
      "resolved": "https://registry.npmjs.org/get-tsconfig/-/get-tsconfig-4.10.0.tgz",
      "integrity": "sha512-kGzZ3LWWQcGIAmg6iWvXn0ei6WDtV26wzHRMwDSzmAbcXrTEXxHy6IehI6/4eT6VRKyMP1eF1VqwrVUmE/LR7A==",
      "dev": true,
      "dependencies": {
        "resolve-pkg-maps": "^1.0.0"
      },
      "funding": {
        "url": "https://github.com/privatenumber/get-tsconfig?sponsor=1"
      }
    },
    "node_modules/hono": {
      "version": "4.7.1",
      "resolved": "https://registry.npmjs.org/hono/-/hono-4.7.1.tgz",
      "integrity": "sha512-V3eWoPkBxoNgFCkSc5Y5rpLF6YoQQx1pkYO4qrF6YfOw8RZbujUNlJLZCxh0z9gZct70+je2Ih7Zrdpv21hP9w==",
      "engines": {
        "node": ">=16.9.0"
      }
    },
    "node_modules/hono-openapi": {
      "version": "0.4.4",
      "resolved": "https://registry.npmjs.org/hono-openapi/-/hono-openapi-0.4.4.tgz",
      "integrity": "sha512-8UdlOwqGuKwtmGgiUcxRarIi0XOY9ZED+XfpVaZr9un5jl9p9dTLrnIhs1i+eTqvHNHV4QNF0C5bbfxdMBYe+w==",
      "dependencies": {
        "json-schema-walker": "^2.0.0"
      },
      "peerDependencies": {
        "@hono/arktype-validator": "^2.0.0",
        "@hono/effect-validator": "^1.2.0",
        "@hono/typebox-validator": "^0.2.0 || ^0.3.0",
        "@hono/valibot-validator": "^0.5.1",
        "@hono/zod-validator": "^0.4.1",
        "@sinclair/typebox": "^0.34.9",
        "@valibot/to-json-schema": "^1.0.0-beta.3",
        "arktype": "^2.0.0-rc.25",
        "effect": "^3.11.3",
        "hono": "^4.6.13",
        "openapi-types": "^12.1.3",
        "valibot": "^1.0.0-beta.9",
        "zod": "^3.23.8",
        "zod-openapi": "^4.0.0"
      },
      "peerDependenciesMeta": {
        "@hono/arktype-validator": {
          "optional": true
        },
        "@hono/effect-validator": {
          "optional": true
        },
        "@hono/typebox-validator": {
          "optional": true
        },
        "@hono/valibot-validator": {
          "optional": true
        },
        "@hono/zod-validator": {
          "optional": true
        },
        "@sinclair/typebox": {
          "optional": true
        },
        "@valibot/to-json-schema": {
          "optional": true
        },
        "arktype": {
          "optional": true
        },
        "effect": {
          "optional": true
        },
        "hono": {
          "optional": true
        },
        "openapi-types": {
          "optional": true
        },
        "valibot": {
          "optional": true
        },
        "zod": {
          "optional": true
        },
        "zod-openapi": {
          "optional": true
        }
      }
    },
    "node_modules/js-yaml": {
      "version": "4.1.0",
      "resolved": "https://registry.npmjs.org/js-yaml/-/js-yaml-4.1.0.tgz",
      "integrity": "sha512-wpxZs9NoxZaJESJGIZTyDEaYpl0FKSA+FB9aJiyemKhMwkxQg63h4T1KJgUGHpTqPDNRcmmYLugrRjJlBtWvRA==",
      "dependencies": {
        "argparse": "^2.0.1"
      },
      "bin": {
        "js-yaml": "bin/js-yaml.js"
      }
    },
    "node_modules/json-schema-walker": {
      "version": "2.0.0",
      "resolved": "https://registry.npmjs.org/json-schema-walker/-/json-schema-walker-2.0.0.tgz",
      "integrity": "sha512-nXN2cMky0Iw7Af28w061hmxaPDaML5/bQD9nwm1lOoIKEGjHcRGxqWe4MfrkYThYAPjSUhmsp4bJNoLAyVn9Xw==",
      "dependencies": {
        "@apidevtools/json-schema-ref-parser": "^11.1.0",
        "clone": "^2.1.2"
      },
      "engines": {
        "node": ">=10"
      }
    },
    "node_modules/resolve-pkg-maps": {
      "version": "1.0.0",
      "resolved": "https://registry.npmjs.org/resolve-pkg-maps/-/resolve-pkg-maps-1.0.0.tgz",
      "integrity": "sha512-seS2Tj26TBVOC2NIc2rOe2y2ZO7efxITtLZcGSOnHHNOQ7CkiUBfw0Iw2ck6xkIhPwLhKNLS8BO+hEpngQlqzw==",
      "dev": true,
      "funding": {
        "url": "https://github.com/privatenumber/resolve-pkg-maps?sponsor=1"
      }
    },
    "node_modules/tsx": {
      "version": "4.19.2",
      "resolved": "https://registry.npmjs.org/tsx/-/tsx-4.19.2.tgz",
      "integrity": "sha512-pOUl6Vo2LUq/bSa8S5q7b91cgNSjctn9ugq/+Mvow99qW6x/UZYwzxy/3NmqoT66eHYfCVvFvACC58UBPFf28g==",
      "dev": true,
      "dependencies": {
        "esbuild": "~0.23.0",
        "get-tsconfig": "^4.7.5"
      },
      "bin": {
        "tsx": "dist/cli.mjs"
      },
      "engines": {
        "node": ">=18.0.0"
      },
      "optionalDependencies": {
        "fsevents": "~2.3.3"
      }
    },
    "node_modules/undici-types": {
      "version": "6.19.8",
      "resolved": "https://registry.npmjs.org/undici-types/-/undici-types-6.19.8.tgz",
      "integrity": "sha512-ve2KP6f/JnbPBFyobGHuerC9g1FYGn/F8n1LWTwNxCEzd6IfqTwUQcNXgEtmmQ6DlRrC1hrSrBnCZPokRrDHjw==",
      "dev": true
    },
    "node_modules/zod": {
      "version": "3.24.2",
      "resolved": "https://registry.npmjs.org/zod/-/zod-3.24.2.tgz",
      "integrity": "sha512-lY7CDW43ECgW9u1TcT3IoXHflywfVqDYze4waEz812jR/bZ8FHDsl7pFQoSZTz5N+2NqRXs8GBwnAwo3ZNxqhQ==",
      "funding": {
        "url": "https://github.com/sponsors/colinhacks"
      }
    },
    "node_modules/zod-openapi": {
      "version": "4.2.3",
      "resolved": "https://registry.npmjs.org/zod-openapi/-/zod-openapi-4.2.3.tgz",
      "integrity": "sha512-i0SqpcdXfsvVWTIY1Jl3Tk421s9fBIkpXvaA86zDas+8FjfZjm+GX6ot6SPB2SyuHwUNTN02gE5uIVlYXlyrDQ==",
      "engines": {
        "node": ">=18"
      },
      "peerDependencies": {
        "zod": "^3.21.4"
      }
    }
  }
}
